
Microsoft Visual Studio Solution File, Format Version 12.00
# Visual Studio Version 17
VisualStudioVersion = 17.3.32728.150
MinimumVisualStudioVersion = 10.0.40219.1
Project("{FAE04EC0-301F-11D3-BF4B-00C04F79EFBC}") = "AnimalRazor", "AnimalRazor\AnimalRazor.csproj", "{6769794F-EB4A-47D2-BF17-BA07AD658E9F}"
EndProject
Global
	GlobalSection(SolutionConfigurationPlatforms) = preSolution
		Debug|Any CPU = Debug|Any CPU
		Release|Any CPU = Release|Any CPU
	EndGlobalSection
	GlobalSection(ProjectConfigurationPlatforms) = postSolution
		{6769794F-EB4A-47D2-BF17-BA07AD658E9F}.Debug|Any CPU.ActiveCfg = Debug|Any CPU
		{6769794F-EB4A-47D2-BF17-BA07AD658E9F}.Debug|Any CPU.Build.0 = Debug|Any CPU
		{6769794F-EB4A-47D2-BF17-BA07AD658E9F}.Release|Any CPU.ActiveCfg = Release|Any CPU
		{6769794F-EB4A-47D2-BF17-BA07AD658E9F}.Release|Any CPU.Build.0 = Release|Any CPU
	EndGlobalSection
	GlobalSection(SolutionProperties) = preSolution
		HideSolutionNode = FALSE
	EndGlobalSection
	GlobalSection(ExtensibilityGlobals) = postSolution
		SolutionGuid = {A488715C-349F-43C8-AA90-7D9D58D05E73}
	EndGlobalSection
EndGlobal
